{
  "name": "jobs",
  "version": "0.1.0",
  "lockfileVersion": 1,
  "requires": true,
  "dependencies": {
    "axios": {
      "version": "0.21.1",
      "resolved": "https://registry.npmjs.org/axios/-/axios-0.21.1.tgz",
      "integrity": "sha512-dKQiRHxGD9PPRIUNIWvZhPTPpl1rf/OxTYKsqKUDjBwYylTvV7SjSHJb9ratfyzM6wCdLCOYLzs73qpg5c4iGA==",
      "requires": {
        "follow-redirects": "^1.10.0"
      },
      "dependencies": {
        "follow-redirects": {
          "version": "1.13.1",
          "resolved": "https://registry.npmjs.org/follow-redirects/-/follow-redirects-1.13.1.tgz",
          "integrity": "sha512-SSG5xmZh1mkPGyKzjZP8zLjltIfpW32Y5QpdNJyjcfGxK3qo3NDDkZOZSFiGn1A6SclQxY9GzEwAHQ3dmYRWpg=="
        }
      }
    },
    "eslint": {
      "version": "3.19.0",
      "resolved": "https://registry.npmjs.org/eslint/-/eslint-3.19.0.tgz",
      "integrity": "sha1-yPxiAcf0DdCJQbh8CFdnOGpnmsw=",
      "dev": true,
      "dependencies": {
        "strip-bom": {
          "version": "3.0.0",
          "resolved": "https://registry.npmjs.org/strip-bom/-/strip-bom-3.0.0.tgz",
          "integrity": "sha1-IzTBjpx1n3vdVv3vfprj1YjmjtM="
        }
      }
    },
    "eslint-config-airbnb": {
      "version": "14.1.0",
      "resolved": "https://registry.npmjs.org/eslint-config-airbnb/-/eslint-config-airbnb-14.1.0.tgz",
      "integrity": "sha1-NV0pAEC7+OAL+LSxn0twy+fCMX8=",
      "dev": true
    },
    "eslint-plugin-import": {
      "version": "2.6.1",
      "resolved": "https://registry.npmjs.org/eslint-plugin-import/-/eslint-plugin-import-2.6.1.tgz",
      "integrity": "sha512-aAMb32eHCQaQmgdb1MOG1hfu/rPiNgGur2IF71VJeDfTXdLpPiKALKWlzxMdcxQOZZ2CmYVKabAxCvjACxH1uQ==",
      "dev": true,
      "dependencies": {
        "doctrine": {
          "version": "1.5.0",
          "resolved": "https://registry.npmjs.org/doctrine/-/doctrine-1.5.0.tgz",
          "integrity": "sha1-N53Ocw9hZvds76TmcHoVmwLFpvo="
        },
        "find-up": {
          "version": "2.1.0",
          "resolved": "https://registry.npmjs.org/find-up/-/find-up-2.1.0.tgz",
          "integrity": "sha1-RdG35QbHF93UgndaK3eSCjwMV6c="
        },
        "load-json-file": {
          "version": "2.0.0",
          "resolved": "https://registry.npmjs.org/load-json-file/-/load-json-file-2.0.0.tgz",
          "integrity": "sha1-eUfkIUmvgNaWy/eXvKq8/h/inKg="
        },
        "path-type": {
          "version": "2.0.0",
          "resolved": "https://registry.npmjs.org/path-type/-/path-type-2.0.0.tgz",
          "integrity": "sha1-8BLMuEFbcJb8LaoQVMPXI4lZTHM="
        },
        "read-pkg": {
          "version": "2.0.0",
          "resolved": "https://registry.npmjs.org/read-pkg/-/read-pkg-2.0.0.tgz",
          "integrity": "sha1-jvHAYjxqbbDcZxPEv6xGMysjaPg="
        },
        "read-pkg-up": {
          "version": "2.0.0",
          "resolved": "https://registry.npmjs.org/read-pkg-up/-/read-pkg-up-2.0.0.tgz",
          "integrity": "sha1-a3KoBImE4MQeeVEP1en6mbO1Sb4="
        },
        "strip-bom": {
          "version": "3.0.0",
          "resolved": "https://registry.npmjs.org/strip-bom/-/strip-bom-3.0.0.tgz",
          "integrity": "sha1-IzTBjpx1n3vdVv3vfprj1YjmjtM="
        }
      }
    },
    "eslint-plugin-jsx-a11y": {
      "version": "4.0.0",
      "resolved": "https://registry.npmjs.org/eslint-plugin-jsx-a11y/-/eslint-plugin-jsx-a11y-4.0.0.tgz",
      "integrity": "sha1-d5uw/nsI2lZKQiYkkR3hAGHgSO4=",
      "dev": true
    },
    "eslint-plugin-react": {
      "version": "6.10.3",
      "resolved": "https://registry.npmjs.org/eslint-plugin-react/-/eslint-plugin-react-6.10.3.tgz",
      "integrity": "sha1-xUNb6wZ3ThLH2y9qut3L+QDNP3g=",
      "dev": true,
      "dependencies": {
        "doctrine": {
          "version": "1.5.0",
          "resolved": "https://registry.npmjs.org/doctrine/-/doctrine-1.5.0.tgz",
          "integrity": "sha1-N53Ocw9hZvds76TmcHoVmwLFpvo="
        }
      }
    },
    "expo": {
      "version": "18.0.6",
      "resolved": "https://registry.npmjs.org/expo/-/expo-18.0.6.tgz",
      "integrity": "sha1-G3odhRTD4KwQKJc6V8ztdcQivEo="
    },
    "jest-expo": {
      "version": "18.0.0",
      "resolved": "https://registry.npmjs.org/jest-expo/-/jest-expo-18.0.0.tgz",
      "integrity": "sha1-aBui5HMZ/3TmyqJEHy/cSxo0SS8=",
      "dev": true
    },
    "latlng-to-zip": {
      "version": "0.0.1",
      "resolved": "https://registry.npmjs.org/latlng-to-zip/-/latlng-to-zip-0.0.1.tgz",
      "integrity": "sha1-LKxJyRiAY2QzICTpizuHprVUbyM=",
      "dependencies": {
        "axios": {
          "version": "0.15.3",
          "resolved": "https://registry.npmjs.org/axios/-/axios-0.15.3.tgz",
          "integrity": "sha1-LJ1jiy4ZGgjqHWzJiOrda6W9wFM="
        },
        "follow-redirects": {
          "version": "1.0.0",
          "resolved": "https://registry.npmjs.org/follow-redirects/-/follow-redirects-1.0.0.tgz",
          "integrity": "sha1-jjQpjL0uF28lTv/sdaHHjMhJ/Tc="
        }
      }
    },
    "lodash": {
      "version": "4.17.4",
      "resolved": "https://registry.npmjs.org/lodash/-/lodash-4.17.4.tgz",
      "integrity": "sha1-eCA6TRwyiuHYbcpkYONptX9AVa4="
    },
    "qs": {
      "version": "6.5.3",
      "resolved": "https://registry.npmjs.org/qs/-/qs-6.5.3.tgz",
      "integrity": "sha512-qxXIEh4pCGfHICj1mAJQ2/2XVZkjCDTcEgfoSQxc/fYivUZxTkk7L3bDBJSoNrEzXI17oUO5Dp07ktqE5KzczA=="
    },
    "react": {
      "version": "16.0.0-alpha.12",
      "resolved": "https://registry.npmjs.org/react/-/react-16.0.0-alpha.12.tgz",
      "integrity": "sha1-jFlIUoFIXfMZtvd2gtjdBiHAgZQ="
    },
    "react-native": {
      "version": "0.45.1",
      "resolved": "https://registry.npmjs.org/react-native/-/react-native-0.45.1.tgz",
      "integrity": "sha1-syg8SogjNCH5xmKi/xpMzIqfB8A=",
      "dependencies": {
        "babel-plugin-transform-async-to-generator": {
          "version": "6.16.0",
          "resolved": "https://registry.npmjs.org/babel-plugin-transform-async-to-generator/-/babel-plugin-transform-async-to-generator-6.16.0.tgz",
          "integrity": "sha1-Gew2yxSGtZ+fRorfpCzhOQjKKZk="
        },
        "core-js": {
          "version": "2.4.1",
          "resolved": "https://registry.npmjs.org/core-js/-/core-js-2.4.1.tgz",
          "integrity": "sha1-TekR5mew6ukSTjQlS1OupvxhjT4="
        },
        "json5": {
          "version": "0.4.0",
          "resolved": "https://registry.npmjs.org/json5/-/json5-0.4.0.tgz",
          "integrity": "sha1-BUNS5MTIDIbAkjh31EneF2pzLI0="
        },
        "pretty-format": {
          "version": "4.3.1",
          "resolved": "https://registry.npmjs.org/pretty-format/-/pretty-format-4.3.1.tgz",
          "integrity": "sha1-UwvlxCs8BbNkFKeipDN6qArNDo0="
        },
        "regenerator-runtime": {
          "version": "0.9.6",
          "resolved": "https://registry.npmjs.org/regenerator-runtime/-/regenerator-runtime-0.9.6.tgz",
          "integrity": "sha1-0z65XQ0gAaS+OWWXB8UbDLcc4Ck="
        },
        "whatwg-fetch": {
          "version": "1.1.1",
          "resolved": "https://registry.npmjs.org/whatwg-fetch/-/whatwg-fetch-1.1.1.tgz",
          "integrity": "sha1-rDydOfMgxtzlM5lp0FTvQ90zMxk="
        }
      }
    },
    "react-native-elements": {
      "version": "0.13.0",
      "resolved": "https://registry.npmjs.org/react-native-elements/-/react-native-elements-0.13.0.tgz",
      "integrity": "sha1-HOyQEQWqKdPQfBDxQ8nAzDnfyKU="
    },
    "react-native-scripts": {
      "version": "0.0.40",
      "resolved": "https://registry.npmjs.org/react-native-scripts/-/react-native-scripts-0.0.40.tgz",
      "integrity": "sha1-xryrPKTrAkFGLxixHyns/ebXGDQ=",
      "dev": true,
      "dependencies": {
        "ansi-escapes": {
          "version": "2.0.0",
          "resolved": "https://registry.npmjs.org/ansi-escapes/-/ansi-escapes-2.0.0.tgz",
          "integrity": "sha1-W65SvkJIeN2Xg+iRDj/Cki6DyBs="
        },
        "ansi-regex": {
          "version": "3.0.0",
          "resolved": "https://registry.npmjs.org/ansi-regex/-/ansi-regex-3.0.0.tgz",
          "integrity": "sha1-7QMXwyIGT3lGbAKWa922Bas32Zg="
        },
        "cli-cursor": {
          "version": "2.1.0",
          "resolved": "https://registry.npmjs.org/cli-cursor/-/cli-cursor-2.1.0.tgz",
          "integrity": "sha1-s12sN2R5+sw+lHR9QdDQ9SOP/LU="
        },
        "cross-spawn": {
          "version": "5.1.0",
          "resolved": "https://registry.npmjs.org/cross-spawn/-/cross-spawn-5.1.0.tgz",
          "integrity": "sha1-6L0O/uWPz/b4+UUQoKVUu/ojVEk="
        },
        "figures": {
          "version": "2.0.0",
          "resolved": "https://registry.npmjs.org/figures/-/figures-2.0.0.tgz",
          "integrity": "sha1-OrGi0qYsi/tDGgyUy3l6L84nyWI="
        },
        "fs-extra": {
          "version": "3.0.1",
          "resolved": "https://registry.npmjs.org/fs-extra/-/fs-extra-3.0.1.tgz",
          "integrity": "sha1-N5TzeMWLNC6n27sjCVEJxLO2IpE="
        },
        "inquirer": {
          "version": "3.1.1",
          "resolved": "https://registry.npmjs.org/inquirer/-/inquirer-3.1.1.tgz",
          "integrity": "sha512-H50sHQwgvvaTBd3HpKMVtL/u6LoHDvYym51gd7bGQe/+9HkCE+J0/3N5FJLfd6O6oz44hHewC2Pc2LodzWVafQ=="
        },
        "is-fullwidth-code-point": {
          "version": "2.0.0",
          "resolved": "https://registry.npmjs.org/is-fullwidth-code-point/-/is-fullwidth-code-point-2.0.0.tgz",
          "integrity": "sha1-o7MKXE8ZkYMWeqq5O+764937ZU8="
        },
        "jsonfile": {
          "version": "3.0.0",
          "resolved": "https://registry.npmjs.org/jsonfile/-/jsonfile-3.0.0.tgz",
          "integrity": "sha1-kufHRE5f/V+jLmqa6LhQNN+DR9A="
        },
        "mute-stream": {
          "version": "0.0.7",
          "resolved": "https://registry.npmjs.org/mute-stream/-/mute-stream-0.0.7.tgz",
          "integrity": "sha1-MHXOk7whuPq0PhvE2n6BFe0ee6s="
        },
        "onetime": {
          "version": "2.0.1",
          "resolved": "https://registry.npmjs.org/onetime/-/onetime-2.0.1.tgz",
          "integrity": "sha1-BnQoIw/WdEOyeUsiu6UotoZ5YtQ="
        },
        "path-exists": {
          "version": "3.0.0",
          "resolved": "https://registry.npmjs.org/path-exists/-/path-exists-3.0.0.tgz",
          "integrity": "sha1-zg6+ql94yxiSXqfYENe1mwEP1RU="
        },
        "progress": {
          "version": "2.0.0",
          "resolved": "https://registry.npmjs.org/progress/-/progress-2.0.0.tgz",
          "integrity": "sha1-ihvjZr+Pwj2yvSPxDG/pILQ4nR8="
        },
        "restore-cursor": {
          "version": "2.0.0",
          "resolved": "https://registry.npmjs.org/restore-cursor/-/restore-cursor-2.0.0.tgz",
          "integrity": "sha1-n37ih/gv0ybU/RYpI9YhKe7g368="
        },
        "run-async": {
          "version": "2.3.0",
          "resolved": "https://registry.npmjs.org/run-async/-/run-async-2.3.0.tgz",
          "integrity": "sha1-A3GrSuC91yDUFm19/aZP96RFpsA="
        },
        "rx-lite": {
          "version": "4.0.8",
          "resolved": "https://registry.npmjs.org/rx-lite/-/rx-lite-4.0.8.tgz",
          "integrity": "sha1-Cx4Rr4vESDbwSmQH6S2kJGe3lEQ="
        },
        "string-width": {
          "version": "2.1.0",
          "resolved": "https://registry.npmjs.org/string-width/-/string-width-2.1.0.tgz",
          "integrity": "sha1-AwZkVh/BRslCPsfZeP4kV0N/5tA=",
          "dependencies": {
            "strip-ansi": {
              "version": "4.0.0",
              "resolved": "https://registry.npmjs.org/strip-ansi/-/strip-ansi-4.0.0.tgz",
              "integrity": "sha1-qEeQIusaw2iocTibY1JixQXuNo8="
            }
          }
        }
      }
    },
    "react-navigation": {
      "version": "1.0.0-beta.11",
      "resolved": "https://registry.npmjs.org/react-navigation/-/react-navigation-1.0.0-beta.11.tgz",
      "integrity": "sha1-QnHtsjzbzG64hgL3/eCnfw73oWA="
    },
    "react-redux": {
      "version": "5.0.5",
      "resolved": "https://registry.npmjs.org/react-redux/-/react-redux-5.0.5.tgz",
      "integrity": "sha1-+OjHsjlCJXblLWt9sGQ5RpvphGo="
    },
    "react-test-renderer": {
      "version": "16.0.0-alpha.12",
      "resolved": "https://registry.npmjs.org/react-test-renderer/-/react-test-renderer-16.0.0-alpha.12.tgz",
      "integrity": "sha1-nkzF2M6L/KcneDQN4+FFS51sDMU=",
      "dev": true
    },
    "redux": {
      "version": "3.7.1",
      "resolved": "https://registry.npmjs.org/redux/-/redux-3.7.1.tgz",
      "integrity": "sha512-iEVTlORM5mv6xb3ZAOyrVehVUD+W87jdFAX6SYVgZh3/SQAWFSxTRJOqPWQdvo4VN4lJkNDvqKlBXBabsJTSkA=="
    },
    "redux-thunk": {
      "version": "2.2.0",
      "resolved": "https://registry.npmjs.org/redux-thunk/-/redux-thunk-2.2.0.tgz",
      "integrity": "sha1-5hWhbha0ehmlFXZhM9Hj6Zt4UuU="
    }
  }
}
